github.com/Saur4ig/mescon v0.3.0 h1:yQtKVFLewO0LPwEIeGverVt1sNZy6WdfxN8OtaYeOOY=
github.com/Saur4ig/mescon v0.3.0/go.mod h1:Saz9qI+452eEKyIlPzAjBbRwEa2NsG+mJqQj/g7x1lo=
github.com/gorilla/mux v1.7.4 h1:VuZ8uybHlWmqV03+zRzdwKL4tUnIp1MAQtp1mIFE1bc=
github.com/gorilla/mux v1.7.4/go.mod h1:DVbg23sWSpFRCP0SfiEN6jmj59UnW/n46BH5rLB71So=
